// !$*UTF8*$!
{
	archiveVersion = 1;
	classes = {
	};
	objectVersion = 46;
	objects = {

/* Begin PBXBuildFile section */
		7625CFBA1ECAF85F00CB2BC9 /* NSObject+IDPCategory.m in Sources */ = {isa = PBXBuildFile; fileRef = 7661DF7F1EC2F91C0017A7C5 /* NSObject+IDPCategory.m */; };
		76306C811EC04F7F005B0E29 /* main.m in Sources */ = {isa = PBXBuildFile; fileRef = 76306C801EC04F7F005B0E29 /* main.m */; };
		76306C881EC04FEA005B0E29 /* IDPHuman.m in Sources */ = {isa = PBXBuildFile; fileRef = 76306C871EC04FEA005B0E29 /* IDPHuman.m */; };
		76306C8B1EC05011005B0E29 /* IDPHumanCreationTests.m in Sources */ = {isa = PBXBuildFile; fileRef = 76306C8A1EC05011005B0E29 /* IDPHumanCreationTests.m */; };
		76306C8E1EC05040005B0E29 /* IDPRandom.m in Sources */ = {isa = PBXBuildFile; fileRef = 76306C8D1EC05040005B0E29 /* IDPRandom.m */; };
		76306CA01EC05E31005B0E29 /* IDPMale.m in Sources */ = {isa = PBXBuildFile; fileRef = 76306C9F1EC05E31005B0E29 /* IDPMale.m */; };
		76306CA31EC05E3F005B0E29 /* IDPFemale.m in Sources */ = {isa = PBXBuildFile; fileRef = 76306CA21EC05E3F005B0E29 /* IDPFemale.m */; };
		7661DF831EC2FA530017A7C5 /* NSArray+IDPCategory.m in Sources */ = {isa = PBXBuildFile; fileRef = 7661DF821EC2FA530017A7C5 /* NSArray+IDPCategory.m */; };
/* End PBXBuildFile section */

/* Begin PBXCopyFilesBuildPhase section */
		76306C7B1EC04F7F005B0E29 /* CopyFiles */ = {
			isa = PBXCopyFilesBuildPhase;
			buildActionMask = 2147483647;
			dstPath = /usr/share/man/man1/;
			dstSubfolderSpec = 0;
			files = (
			);
			runOnlyForDeploymentPostprocessing = 1;
		};
/* End PBXCopyFilesBuildPhase section */

/* Begin PBXFileReference section */
		76306C7D1EC04F7F005B0E29 /* IDPTask2 */ = {isa = PBXFileReference; explicitFileType = "compiled.mach-o.executable"; includeInIndex = 0; path = IDPTask2; sourceTree = BUILT_PRODUCTS_DIR; };
		76306C801EC04F7F005B0E29 /* main.m */ = {isa = PBXFileReference; lastKnownFileType = sourcecode.c.objc; path = main.m; sourceTree = "<group>"; };
		76306C871EC04FEA005B0E29 /* IDPHuman.m */ = {isa = PBXFileReference; fileEncoding = 4; lastKnownFileType = sourcecode.c.objc; path = IDPHuman.m; sourceTree = "<group>"; };
		76306C891EC04FFA005B0E29 /* IDPHuman.h */ = {isa = PBXFileReference; fileEncoding = 4; lastKnownFileType = sourcecode.c.h; path = IDPHuman.h; sourceTree = "<group>"; };
		76306C8A1EC05011005B0E29 /* IDPHumanCreationTests.m */ = {isa = PBXFileReference; fileEncoding = 4; lastKnownFileType = sourcecode.c.objc; path = IDPHumanCreationTests.m; sourceTree = "<group>"; };
		76306C8C1EC05025005B0E29 /* IDPHumanCreationTests.h */ = {isa = PBXFileReference; fileEncoding = 4; lastKnownFileType = sourcecode.c.h; path = IDPHumanCreationTests.h; sourceTree = "<group>"; };
		76306C8D1EC05040005B0E29 /* IDPRandom.m */ = {isa = PBXFileReference; fileEncoding = 4; lastKnownFileType = sourcecode.c.objc; path = IDPRandom.m; sourceTree = "<group>"; };
		76306C8F1EC05051005B0E29 /* IDPRandom.h */ = {isa = PBXFileReference; fileEncoding = 4; lastKnownFileType = sourcecode.c.h; path = IDPRandom.h; sourceTree = "<group>"; };
		76306C9E1EC05E31005B0E29 /* IDPMale.h */ = {isa = PBXFileReference; fileEncoding = 4; lastKnownFileType = sourcecode.c.h; path = IDPMale.h; sourceTree = "<group>"; };
		76306C9F1EC05E31005B0E29 /* IDPMale.m */ = {isa = PBXFileReference; fileEncoding = 4; lastKnownFileType = sourcecode.c.objc; path = IDPMale.m; sourceTree = "<group>"; };
		76306CA11EC05E3F005B0E29 /* IDPFemale.h */ = {isa = PBXFileReference; fileEncoding = 4; lastKnownFileType = sourcecode.c.h; path = IDPFemale.h; sourceTree = "<group>"; };
		76306CA21EC05E3F005B0E29 /* IDPFemale.m */ = {isa = PBXFileReference; fileEncoding = 4; lastKnownFileType = sourcecode.c.objc; path = IDPFemale.m; sourceTree = "<group>"; };
		7661DF7E1EC2F91C0017A7C5 /* NSObject+IDPCategory.h */ = {isa = PBXFileReference; fileEncoding = 4; lastKnownFileType = sourcecode.c.h; path = "NSObject+IDPCategory.h"; sourceTree = SOURCE_ROOT; };
		7661DF7F1EC2F91C0017A7C5 /* NSObject+IDPCategory.m */ = {isa = PBXFileReference; fileEncoding = 4; lastKnownFileType = sourcecode.c.objc; path = "NSObject+IDPCategory.m"; sourceTree = SOURCE_ROOT; };
		7661DF811EC2FA530017A7C5 /* NSArray+IDPCategory.h */ = {isa = PBXFileReference; fileEncoding = 4; lastKnownFileType = sourcecode.c.h; path = "NSArray+IDPCategory.h"; sourceTree = "<group>"; };
		7661DF821EC2FA530017A7C5 /* NSArray+IDPCategory.m */ = {isa = PBXFileReference; fileEncoding = 4; lastKnownFileType = sourcecode.c.objc; path = "NSArray+IDPCategory.m"; sourceTree = "<group>"; };
/* End PBXFileReference section */

/* Begin PBXFrameworksBuildPhase section */
		76306C7A1EC04F7F005B0E29 /* Frameworks */ = {
			isa = PBXFrameworksBuildPhase;
			buildActionMask = 2147483647;
			files = (
			);
			runOnlyForDeploymentPostprocessing = 0;
		};
/* End PBXFrameworksBuildPhase section */

/* Begin PBXGroup section */
		76306C741EC04F7F005B0E29 = {
			isa = PBXGroup;
			children = (
				76306C7F1EC04F7F005B0E29 /* IDPTask2 */,
				76306C7E1EC04F7F005B0E29 /* Products */,
			);
			sourceTree = "<group>";
		};
		76306C7E1EC04F7F005B0E29 /* Products */ = {
			isa = PBXGroup;
			children = (
				76306C7D1EC04F7F005B0E29 /* IDPTask2 */,
			);
			name = Products;
			sourceTree = "<group>";
		};
		76306C7F1EC04F7F005B0E29 /* IDPTask2 */ = {
			isa = PBXGroup;
			children = (
				76306C801EC04F7F005B0E29 /* main.m */,
				76306C891EC04FFA005B0E29 /* IDPHuman.h */,
				76306C871EC04FEA005B0E29 /* IDPHuman.m */,
				76306C8C1EC05025005B0E29 /* IDPHumanCreationTests.h */,
				76306C8A1EC05011005B0E29 /* IDPHumanCreationTests.m */,
				76306C8F1EC05051005B0E29 /* IDPRandom.h */,
				76306C8D1EC05040005B0E29 /* IDPRandom.m */,
				7661DF7E1EC2F91C0017A7C5 /* NSObject+IDPCategory.h */,
				7661DF7F1EC2F91C0017A7C5 /* NSObject+IDPCategory.m */,
				7661DF811EC2FA530017A7C5 /* NSArray+IDPCategory.h */,
				7661DF821EC2FA530017A7C5 /* NSArray+IDPCategory.m */,
				76306C9D1EC05DF2005B0E29 /* IDPInheritedClass */,
			);
			path = IDPTask2;
			sourceTree = "<group>";
		};
		76306C9D1EC05DF2005B0E29 /* IDPInheritedClass */ = {
			isa = PBXGroup;
			children = (
				76306C9E1EC05E31005B0E29 /* IDPMale.h */,
				76306C9F1EC05E31005B0E29 /* IDPMale.m */,
				76306CA11EC05E3F005B0E29 /* IDPFemale.h */,
				76306CA21EC05E3F005B0E29 /* IDPFemale.m */,
			);
			name = IDPInheritedClass;
			sourceTree = "<group>";
		};
/* End PBXGroup section */

/* Begin PBXNativeTarget section */
		76306C7C1EC04F7F005B0E29 /* IDPTask2 */ = {
			isa = PBXNativeTarget;
			buildConfigurationList = 76306C841EC04F7F005B0E29 /* Build configuration list for PBXNativeTarget "IDPTask2" */;
			buildPhases = (
				76306C791EC04F7F005B0E29 /* Sources */,
				76306C7A1EC04F7F005B0E29 /* Frameworks */,
				76306C7B1EC04F7F005B0E29 /* CopyFiles */,
			);
			buildRules = (
			);
			dependencies = (
			);
			name = IDPTask2;
			productName = IDPTask2;
			productReference = 76306C7D1EC04F7F005B0E29 /* IDPTask2 */;
			productType = "com.apple.product-type.tool";
		};
/* End PBXNativeTarget section */

/* Begin PBXProject section */
		76306C751EC04F7F005B0E29 /* Project object */ = {
			isa = PBXProject;
			attributes = {
				LastUpgradeCheck = 0820;
				ORGANIZATIONNAME = Student002;
				TargetAttributes = {
					76306C7C1EC04F7F005B0E29 = {
						CreatedOnToolsVersion = 8.2.1;
						ProvisioningStyle = Automatic;
					};
				};
			};
			buildConfigurationList = 76306C781EC04F7F005B0E29 /* Build configuration list for PBXProject "IDPTask2" */;
			compatibilityVersion = "Xcode 3.2";
			developmentRegion = English;
			hasScannedForEncodings = 0;
			knownRegions = (
				en,
			);
			mainGroup = 76306C741EC04F7F005B0E29;
			productRefGroup = 76306C7E1EC04F7F005B0E29 /* Products */;
			projectDirPath = "";
			projectRoot = "";
			targets = (
				76306C7C1EC04F7F005B0E29 /* IDPTask2 */,
			);
		};
/* End PBXProject section */

/* Begin PBXSourcesBuildPhase section */
		76306C791EC04F7F005B0E29 /* Sources */ = {
			isa = PBXSourcesBuildPhase;
			buildActionMask = 2147483647;
			files = (
				76306CA01EC05E31005B0E29 /* IDPMale.m in Sources */,
				76306C8E1EC05040005B0E29 /* IDPRandom.m in Sources */,
				7661DF831EC2FA530017A7C5 /* NSArray+IDPCategory.m in Sources */,
				76306C811EC04F7F005B0E29 /* main.m in Sources */,
				76306CA31EC05E3F005B0E29 /* IDPFemale.m in Sources */,
				76306C8B1EC05011005B0E29 /* IDPHumanCreationTests.m in Sources */,
				76306C881EC04FEA005B0E29 /* IDPHuman.m in Sources */,
				7625CFBA1ECAF85F00CB2BC9 /* NSObject+IDPCategory.m in Sources */,
			);
			runOnlyForDeploymentPostprocessing = 0;
		};
/* End PBXSourcesBuildPhase section */

/* Begin XCBuildConfiguration section */
		76306C821EC04F7F005B0E29 /* Debug */ = {
			isa = XCBuildConfiguration;
			buildSettings = {
				ALWAYS_SEARCH_USER_PATHS = NO;
				CLANG_ANALYZER_NONNULL = YES;
				CLANG_CXX_LANGUAGE_STANDARD = "gnu++0x";
				CLANG_CXX_LIBRARY = "libc++";
				CLANG_ENABLE_MODULES = YES;
				CLANG_ENABLE_OBJC_ARC = NO;
				CLANG_WARN_BOOL_CONVERSION = YES;
				CLANG_WARN_CONSTANT_CONVERSION = YES;
				CLANG_WARN_DIRECT_OBJC_ISA_USAGE = YES_ERROR;
				CLANG_WARN_DOCUMENTATION_COMMENTS = YES;
				CLANG_WARN_EMPTY_BODY = YES;
				CLANG_WARN_ENUM_CONVERSION = YES;
				CLANG_WARN_INFINITE_RECURSION = YES;
				CLANG_WARN_INT_CONVERSION = YES;
				CLANG_WARN_OBJC_ROOT_CLASS = YES_ERROR;
				CLANG_WARN_SUSPICIOUS_MOVE = YES;
				CLANG_WARN_UNREACHABLE_CODE = YES;
				CLANG_WARN__DUPLICATE_METHOD_MATCH = YES;
				CODE_SIGN_IDENTITY = "-";
				COPY_PHASE_STRIP = NO;
				DEBUG_INFORMATION_FORMAT = dwarf;
				ENABLE_STRICT_OBJC_MSGSEND = YES;
				ENABLE_TESTABILITY = YES;
				GCC_C_LANGUAGE_STANDARD = gnu99;
				GCC_DYNAMIC_NO_PIC = NO;
				GCC_NO_COMMON_BLOCKS = YES;
				GCC_OPTIMIZATION_LEVEL = 0;
				GCC_PREPROCESSOR_DEFINITIONS = (
					"DEBUG=1",
					"$(inherited)",
				);
				GCC_WARN_64_TO_32_BIT_CONVERSION = YES;
				GCC_WARN_ABOUT_RETURN_TYPE = YES_ERROR;
				GCC_WARN_UNDECLARED_SELECTOR = YES;
				GCC_WARN_UNINITIALIZED_AUTOS = YES_AGGRESSIVE;
				GCC_WARN_UNUSED_FUNCTION = YES;
				GCC_WARN_UNUSED_VARIABLE = YES;
				MACOSX_DEPLOYMENT_TARGET = 10.12;
				MTL_ENABLE_DEBUG_INFO = YES;
				ONLY_ACTIVE_ARCH = YES;
				SDKROOT = macosx;
			};
			name = Debug;
		};
		76306C831EC04F7F005B0E29 /* Release */ = {
			isa = XCBuildConfiguration;
			buildSettings = {
				ALWAYS_SEARCH_USER_PATHS = NO;
				CLANG_ANALYZER_NONNULL = YES;
				CLANG_CXX_LANGUAGE_STANDARD = "gnu++0x";
				CLANG_CXX_LIBRARY = "libc++";
				CLANG_ENABLE_MODULES = YES;
				CLANG_ENABLE_OBJC_ARC = NO;
				CLANG_WARN_BOOL_CONVERSION = YES;
				CLANG_WARN_CONSTANT_CONVERSION = YES;
				CLANG_WARN_DIRECT_OBJC_ISA_USAGE = YES_ERROR;
				CLANG_WARN_DOCUMENTATION_COMMENTS = YES;
				CLANG_WARN_EMPTY_BODY = YES;
				CLANG_WARN_ENUM_CONVERSION = YES;
				CLANG_WARN_INFINITE_RECURSION = YES;
				CLANG_WARN_INT_CONVERSION = YES;
				CLANG_WARN_OBJC_ROOT_CLASS = YES_ERROR;
				CLANG_WARN_SUSPICIOUS_MOVE = YES;
				CLANG_WARN_UNREACHABLE_CODE = YES;
				CLANG_WARN__DUPLICATE_METHOD_MATCH = YES;
				CODE_SIGN_IDENTITY = "-";
				COPY_PHASE_STRIP = NO;
				DEBUG_INFORMATION_FORMAT = "dwarf-with-dsym";
				ENABLE_NS_ASSERTIONS = NO;
				ENABLE_STRICT_OBJC_MSGSEND = YES;
				GCC_C_LANGUAGE_STANDARD = gnu99;
				GCC_NO_COMMON_BLOCKS = YES;
				GCC_WARN_64_TO_32_BIT_CONVERSION = YES;
				GCC_WARN_ABOUT_RETURN_TYPE = YES_ERROR;
				GCC_WARN_UNDECLARED_SELECTOR = YES;
				GCC_WARN_UNINITIALIZED_AUTOS = YES_AGGRESSIVE;
				GCC_WARN_UNUSED_FUNCTION = YES;
				GCC_WARN_UNUSED_VARIABLE = YES;
				MACOSX_DEPLOYMENT_TARGET = 10.12;
				MTL_ENABLE_DEBUG_INFO = NO;
				SDKROOT = macosx;
			};
			name = Release;
		};
		76306C851EC04F7F005B0E29 /* Debug */ = {
			isa = XCBuildConfiguration;
			buildSettings = {
				PRODUCT_NAME = "$(TARGET_NAME)";
			};
			name = Debug;
		};
		76306C861EC04F7F005B0E29 /* Release */ = {
			isa = XCBuildConfiguration;
			buildSettings = {
				PRODUCT_NAME = "$(TARGET_NAME)";
			};
			name = Release;
		};
/* End XCBuildConfiguration section */

/* Begin XCConfigurationList section */
		76306C781EC04F7F005B0E29 /* Build configuration list for PBXProject "IDPTask2" */ = {
			isa = XCConfigurationList;
			buildConfigurations = (
				76306C821EC04F7F005B0E29 /* Debug */,
				76306C831EC04F7F005B0E29 /* Release */,
			);
			defaultConfigurationIsVisible = 0;
			defaultConfigurationName = Release;
		};
		76306C841EC04F7F005B0E29 /* Build configuration list for PBXNativeTarget "IDPTask2" */ = {
			isa = XCConfigurationList;
			buildConfigurations = (
				76306C851EC04F7F005B0E29 /* Debug */,
				76306C861EC04F7F005B0E29 /* Release */,
			);
			defaultConfigurationIsVisible = 0;
			defaultConfigurationName = Release;
		};
/* End XCConfigurationList section */
	};
	rootObject = 76306C751EC04F7F005B0E29 /* Project object */;
}
