// !$*UTF8*$!
{
	archiveVersion = 1;
	classes = {
	};
	objectVersion = 46;
	objects = {

/* Begin PBXBuildFile section */
		7664EF821EEFC5B900141138 /* Info.plist in Resources */ = {isa = PBXBuildFile; fileRef = 7664EF7F1EEFC5B900141138 /* Info.plist */; };
		7664EF831EEFC5B900141138 /* ObjcTask9Tests.m in Sources */ = {isa = PBXBuildFile; fileRef = 7664EF801EEFC5B900141138 /* ObjcTask9Tests.m */; };
		7664EFBB1EEFC5DD00141138 /* main.m in Sources */ = {isa = PBXBuildFile; fileRef = 7664EF851EEFC5DD00141138 /* main.m */; };
		7664EFBC1EEFC5DD00141138 /* IDPCar.m in Sources */ = {isa = PBXBuildFile; fileRef = 7664EF891EEFC5DD00141138 /* IDPCar.m */; };
		7664EFBE1EEFC5DD00141138 /* IDPCarDispatcher.m in Sources */ = {isa = PBXBuildFile; fileRef = 7664EF901EEFC5DD00141138 /* IDPCarDispatcher.m */; };
		7664EFBF1EEFC5DD00141138 /* IDPDispatcher.m in Sources */ = {isa = PBXBuildFile; fileRef = 7664EF921EEFC5DD00141138 /* IDPDispatcher.m */; };
		7664EFC01EEFC5DD00141138 /* NSArray+IDPExtensions.m in Sources */ = {isa = PBXBuildFile; fileRef = 7664EF951EEFC5DD00141138 /* NSArray+IDPExtensions.m */; };
		7664EFC11EEFC5DD00141138 /* NSObject+IDPExtensions.m in Sources */ = {isa = PBXBuildFile; fileRef = 7664EF971EEFC5DD00141138 /* NSObject+IDPExtensions.m */; };
		7664EFC21EEFC5DD00141138 /* NSTimer+IDPExtensions.m in Sources */ = {isa = PBXBuildFile; fileRef = 7664EF991EEFC5DD00141138 /* NSTimer+IDPExtensions.m */; };
		7664EFC31EEFC5DD00141138 /* IDPGCDWrapper.m in Sources */ = {isa = PBXBuildFile; fileRef = 7664EF9C1EEFC5DD00141138 /* IDPGCDWrapper.m */; };
		7664EFC41EEFC5DD00141138 /* IDPConstants.m in Sources */ = {isa = PBXBuildFile; fileRef = 7664EFA01EEFC5DD00141138 /* IDPConstants.m */; };
		7664EFC51EEFC5DD00141138 /* IDPRandom.m in Sources */ = {isa = PBXBuildFile; fileRef = 7664EFA31EEFC5DD00141138 /* IDPRandom.m */; };
		7664EFC61EEFC5DD00141138 /* IDPQueue.m in Sources */ = {isa = PBXBuildFile; fileRef = 7664EFA91EEFC5DD00141138 /* IDPQueue.m */; };
		7664EFC71EEFC5DD00141138 /* IDPTimerProxy.m in Sources */ = {isa = PBXBuildFile; fileRef = 7664EFAC1EEFC5DD00141138 /* IDPTimerProxy.m */; };
		7664EFC81EEFC5DD00141138 /* IDPAccountant.m in Sources */ = {isa = PBXBuildFile; fileRef = 7664EFAF1EEFC5DD00141138 /* IDPAccountant.m */; };
		7664EFC91EEFC5DD00141138 /* IDPDirector.m in Sources */ = {isa = PBXBuildFile; fileRef = 7664EFB11EEFC5DD00141138 /* IDPDirector.m */; };
		7664EFCA1EEFC5DD00141138 /* IDPObservableObject.m in Sources */ = {isa = PBXBuildFile; fileRef = 7664EFB21EEFC5DD00141138 /* IDPObservableObject.m */; };
		7664EFCB1EEFC5DD00141138 /* IDPWasher.m in Sources */ = {isa = PBXBuildFile; fileRef = 7664EFB41EEFC5DD00141138 /* IDPWasher.m */; };
		7664EFCC1EEFC5DD00141138 /* IDPWorker.m in Sources */ = {isa = PBXBuildFile; fileRef = 7664EFB61EEFC5DD00141138 /* IDPWorker.m */; };
		7664EFCD1EEFC5DD00141138 /* IDPCarWashTest.m in Sources */ = {isa = PBXBuildFile; fileRef = 7664EFBA1EEFC5DD00141138 /* IDPCarWashTest.m */; };
		7664EFD11EEFC69700141138 /* IDPManager.m in Sources */ = {isa = PBXBuildFile; fileRef = 7664EFD01EEFC69700141138 /* IDPManager.m */; };
		88614352AB8B9F9994576546 /* libPods-ObjcTask6Tests.a in Frameworks */ = {isa = PBXBuildFile; fileRef = 8436AB6159899ACA62CC6E9E /* libPods-ObjcTask6Tests.a */; };
/* End PBXBuildFile section */

/* Begin PBXCopyFilesBuildPhase section */
		7661DF8B1EC30C230017A7C5 /* CopyFiles */ = {
			isa = PBXCopyFilesBuildPhase;
			buildActionMask = 2147483647;
			dstPath = /usr/share/man/man1/;
			dstSubfolderSpec = 0;
			files = (
			);
			runOnlyForDeploymentPostprocessing = 1;
		};
/* End PBXCopyFilesBuildPhase section */

/* Begin PBXFileReference section */
		45CB1E22C26BB1B49733413E /* Pods-ObjcTask6Tests.release.xcconfig */ = {isa = PBXFileReference; includeInIndex = 1; lastKnownFileType = text.xcconfig; name = "Pods-ObjcTask6Tests.release.xcconfig"; path = "Pods/Target Support Files/Pods-ObjcTask6Tests/Pods-ObjcTask6Tests.release.xcconfig"; sourceTree = "<group>"; };
		765957401ED41F3E005E3333 /* ObjcTask6Tests.xctest */ = {isa = PBXFileReference; explicitFileType = wrapper.cfbundle; includeInIndex = 0; path = ObjcTask6Tests.xctest; sourceTree = BUILT_PRODUCTS_DIR; };
		7661DF8D1EC30C230017A7C5 /* Objc Task9 */ = {isa = PBXFileReference; explicitFileType = "compiled.mach-o.executable"; includeInIndex = 0; path = "Objc Task9"; sourceTree = BUILT_PRODUCTS_DIR; };
		7664EF7F1EEFC5B900141138 /* Info.plist */ = {isa = PBXFileReference; fileEncoding = 4; lastKnownFileType = text.plist.xml; path = Info.plist; sourceTree = "<group>"; };
		7664EF801EEFC5B900141138 /* ObjcTask9Tests.m */ = {isa = PBXFileReference; fileEncoding = 4; lastKnownFileType = sourcecode.c.objc; path = ObjcTask9Tests.m; sourceTree = "<group>"; };
		7664EF851EEFC5DD00141138 /* main.m */ = {isa = PBXFileReference; fileEncoding = 4; lastKnownFileType = sourcecode.c.objc; path = main.m; sourceTree = "<group>"; };
		7664EF881EEFC5DD00141138 /* IDPCar.h */ = {isa = PBXFileReference; fileEncoding = 4; lastKnownFileType = sourcecode.c.h; path = IDPCar.h; sourceTree = "<group>"; };
		7664EF891EEFC5DD00141138 /* IDPCar.m */ = {isa = PBXFileReference; fileEncoding = 4; lastKnownFileType = sourcecode.c.objc; path = IDPCar.m; sourceTree = "<group>"; };
		7664EF8F1EEFC5DD00141138 /* IDPCarDispatcher.h */ = {isa = PBXFileReference; fileEncoding = 4; lastKnownFileType = sourcecode.c.h; path = IDPCarDispatcher.h; sourceTree = "<group>"; };
		7664EF901EEFC5DD00141138 /* IDPCarDispatcher.m */ = {isa = PBXFileReference; fileEncoding = 4; lastKnownFileType = sourcecode.c.objc; path = IDPCarDispatcher.m; sourceTree = "<group>"; };
		7664EF911EEFC5DD00141138 /* IDPDispatcher.h */ = {isa = PBXFileReference; fileEncoding = 4; lastKnownFileType = sourcecode.c.h; path = IDPDispatcher.h; sourceTree = "<group>"; };
		7664EF921EEFC5DD00141138 /* IDPDispatcher.m */ = {isa = PBXFileReference; fileEncoding = 4; lastKnownFileType = sourcecode.c.objc; path = IDPDispatcher.m; sourceTree = "<group>"; };
		7664EF941EEFC5DD00141138 /* NSArray+IDPExtensions.h */ = {isa = PBXFileReference; fileEncoding = 4; lastKnownFileType = sourcecode.c.h; path = "NSArray+IDPExtensions.h"; sourceTree = "<group>"; };
		7664EF951EEFC5DD00141138 /* NSArray+IDPExtensions.m */ = {isa = PBXFileReference; fileEncoding = 4; lastKnownFileType = sourcecode.c.objc; path = "NSArray+IDPExtensions.m"; sourceTree = "<group>"; };
		7664EF961EEFC5DD00141138 /* NSObject+IDPExtensions.h */ = {isa = PBXFileReference; fileEncoding = 4; lastKnownFileType = sourcecode.c.h; path = "NSObject+IDPExtensions.h"; sourceTree = "<group>"; };
		7664EF971EEFC5DD00141138 /* NSObject+IDPExtensions.m */ = {isa = PBXFileReference; fileEncoding = 4; lastKnownFileType = sourcecode.c.objc; path = "NSObject+IDPExtensions.m"; sourceTree = "<group>"; };
		7664EF981EEFC5DD00141138 /* NSTimer+IDPExtensions.h */ = {isa = PBXFileReference; fileEncoding = 4; lastKnownFileType = sourcecode.c.h; path = "NSTimer+IDPExtensions.h"; sourceTree = "<group>"; };
		7664EF991EEFC5DD00141138 /* NSTimer+IDPExtensions.m */ = {isa = PBXFileReference; fileEncoding = 4; lastKnownFileType = sourcecode.c.objc; path = "NSTimer+IDPExtensions.m"; sourceTree = "<group>"; };
		7664EF9B1EEFC5DD00141138 /* IDPGCDWrapper.h */ = {isa = PBXFileReference; fileEncoding = 4; lastKnownFileType = sourcecode.c.h; path = IDPGCDWrapper.h; sourceTree = "<group>"; };
		7664EF9C1EEFC5DD00141138 /* IDPGCDWrapper.m */ = {isa = PBXFileReference; fileEncoding = 4; lastKnownFileType = sourcecode.c.objc; path = IDPGCDWrapper.m; sourceTree = "<group>"; };
		7664EF9F1EEFC5DD00141138 /* IDPConstants.h */ = {isa = PBXFileReference; fileEncoding = 4; lastKnownFileType = sourcecode.c.h; path = IDPConstants.h; sourceTree = "<group>"; };
		7664EFA01EEFC5DD00141138 /* IDPConstants.m */ = {isa = PBXFileReference; fileEncoding = 4; lastKnownFileType = sourcecode.c.objc; path = IDPConstants.m; sourceTree = "<group>"; };
		7664EFA21EEFC5DD00141138 /* IDPRandom.h */ = {isa = PBXFileReference; fileEncoding = 4; lastKnownFileType = sourcecode.c.h; path = IDPRandom.h; sourceTree = "<group>"; };
		7664EFA31EEFC5DD00141138 /* IDPRandom.m */ = {isa = PBXFileReference; fileEncoding = 4; lastKnownFileType = sourcecode.c.objc; path = IDPRandom.m; sourceTree = "<group>"; };
		7664EFA51EEFC5DD00141138 /* IDPCashFlow.h */ = {isa = PBXFileReference; fileEncoding = 4; lastKnownFileType = sourcecode.c.h; path = IDPCashFlow.h; sourceTree = "<group>"; };
		7664EFA61EEFC5DD00141138 /* IDPObservableObject.h */ = {isa = PBXFileReference; fileEncoding = 4; lastKnownFileType = sourcecode.c.h; path = IDPObservableObject.h; sourceTree = "<group>"; };
		7664EFA81EEFC5DD00141138 /* IDPQueue.h */ = {isa = PBXFileReference; fileEncoding = 4; lastKnownFileType = sourcecode.c.h; path = IDPQueue.h; sourceTree = "<group>"; };
		7664EFA91EEFC5DD00141138 /* IDPQueue.m */ = {isa = PBXFileReference; fileEncoding = 4; lastKnownFileType = sourcecode.c.objc; path = IDPQueue.m; sourceTree = "<group>"; };
		7664EFAB1EEFC5DD00141138 /* IDPTimerProxy.h */ = {isa = PBXFileReference; fileEncoding = 4; lastKnownFileType = sourcecode.c.h; path = IDPTimerProxy.h; sourceTree = "<group>"; };
		7664EFAC1EEFC5DD00141138 /* IDPTimerProxy.m */ = {isa = PBXFileReference; fileEncoding = 4; lastKnownFileType = sourcecode.c.objc; path = IDPTimerProxy.m; sourceTree = "<group>"; };
		7664EFAE1EEFC5DD00141138 /* IDPAccountant.h */ = {isa = PBXFileReference; fileEncoding = 4; lastKnownFileType = sourcecode.c.h; path = IDPAccountant.h; sourceTree = "<group>"; };
		7664EFAF1EEFC5DD00141138 /* IDPAccountant.m */ = {isa = PBXFileReference; fileEncoding = 4; lastKnownFileType = sourcecode.c.objc; path = IDPAccountant.m; sourceTree = "<group>"; };
		7664EFB01EEFC5DD00141138 /* IDPDirector.h */ = {isa = PBXFileReference; fileEncoding = 4; lastKnownFileType = sourcecode.c.h; path = IDPDirector.h; sourceTree = "<group>"; };
		7664EFB11EEFC5DD00141138 /* IDPDirector.m */ = {isa = PBXFileReference; fileEncoding = 4; lastKnownFileType = sourcecode.c.objc; path = IDPDirector.m; sourceTree = "<group>"; };
		7664EFB21EEFC5DD00141138 /* IDPObservableObject.m */ = {isa = PBXFileReference; fileEncoding = 4; lastKnownFileType = sourcecode.c.objc; path = IDPObservableObject.m; sourceTree = "<group>"; };
		7664EFB31EEFC5DD00141138 /* IDPWasher.h */ = {isa = PBXFileReference; fileEncoding = 4; lastKnownFileType = sourcecode.c.h; path = IDPWasher.h; sourceTree = "<group>"; };
		7664EFB41EEFC5DD00141138 /* IDPWasher.m */ = {isa = PBXFileReference; fileEncoding = 4; lastKnownFileType = sourcecode.c.objc; path = IDPWasher.m; sourceTree = "<group>"; };
		7664EFB51EEFC5DD00141138 /* IDPWorker.h */ = {isa = PBXFileReference; fileEncoding = 4; lastKnownFileType = sourcecode.c.h; path = IDPWorker.h; sourceTree = "<group>"; };
		7664EFB61EEFC5DD00141138 /* IDPWorker.m */ = {isa = PBXFileReference; fileEncoding = 4; lastKnownFileType = sourcecode.c.objc; path = IDPWorker.m; sourceTree = "<group>"; };
		7664EFB71EEFC5DD00141138 /* IDPWorkerObserver.h */ = {isa = PBXFileReference; fileEncoding = 4; lastKnownFileType = sourcecode.c.h; path = IDPWorkerObserver.h; sourceTree = "<group>"; };
		7664EFB91EEFC5DD00141138 /* IDPCarWashTest.h */ = {isa = PBXFileReference; fileEncoding = 4; lastKnownFileType = sourcecode.c.h; path = IDPCarWashTest.h; sourceTree = "<group>"; };
		7664EFBA1EEFC5DD00141138 /* IDPCarWashTest.m */ = {isa = PBXFileReference; fileEncoding = 4; lastKnownFileType = sourcecode.c.objc; path = IDPCarWashTest.m; sourceTree = "<group>"; };
		7664EFCF1EEFC69700141138 /* IDPManager.h */ = {isa = PBXFileReference; fileEncoding = 4; lastKnownFileType = sourcecode.c.h; path = IDPManager.h; sourceTree = "<group>"; };
		7664EFD01EEFC69700141138 /* IDPManager.m */ = {isa = PBXFileReference; fileEncoding = 4; lastKnownFileType = sourcecode.c.objc; path = IDPManager.m; sourceTree = "<group>"; };
		8436AB6159899ACA62CC6E9E /* libPods-ObjcTask6Tests.a */ = {isa = PBXFileReference; explicitFileType = archive.ar; includeInIndex = 0; path = "libPods-ObjcTask6Tests.a"; sourceTree = BUILT_PRODUCTS_DIR; };
		AB372091EC387F036063EF65 /* Pods-ObjcTask6Tests.debug.xcconfig */ = {isa = PBXFileReference; includeInIndex = 1; lastKnownFileType = text.xcconfig; name = "Pods-ObjcTask6Tests.debug.xcconfig"; path = "Pods/Target Support Files/Pods-ObjcTask6Tests/Pods-ObjcTask6Tests.debug.xcconfig"; sourceTree = "<group>"; };
/* End PBXFileReference section */

/* Begin PBXFrameworksBuildPhase section */
		7659573D1ED41F3E005E3333 /* Frameworks */ = {
			isa = PBXFrameworksBuildPhase;
			buildActionMask = 2147483647;
			files = (
				88614352AB8B9F9994576546 /* libPods-ObjcTask6Tests.a in Frameworks */,
			);
			runOnlyForDeploymentPostprocessing = 0;
		};
		7661DF8A1EC30C230017A7C5 /* Frameworks */ = {
			isa = PBXFrameworksBuildPhase;
			buildActionMask = 2147483647;
			files = (
			);
			runOnlyForDeploymentPostprocessing = 0;
		};
/* End PBXFrameworksBuildPhase section */

/* Begin PBXGroup section */
		069EA8587C3F44CBF6305DF4 /* Frameworks */ = {
			isa = PBXGroup;
			children = (
				8436AB6159899ACA62CC6E9E /* libPods-ObjcTask6Tests.a */,
			);
			name = Frameworks;
			sourceTree = "<group>";
		};
		7661DF841EC30C230017A7C5 = {
			isa = PBXGroup;
			children = (
				7664EF841EEFC5DD00141138 /* Objc Task9 */,
				7661DF8E1EC30C230017A7C5 /* Products */,
				7664EF7E1EEFC5B900141138 /* ObjcTask9Tests */,
				991F3C364E7ADD89B8BF8614 /* Pods */,
				069EA8587C3F44CBF6305DF4 /* Frameworks */,
			);
			sourceTree = "<group>";
		};
		7661DF8E1EC30C230017A7C5 /* Products */ = {
			isa = PBXGroup;
			children = (
				7661DF8D1EC30C230017A7C5 /* Objc Task9 */,
				765957401ED41F3E005E3333 /* ObjcTask6Tests.xctest */,
			);
			name = Products;
			sourceTree = "<group>";
		};
		7664EF7E1EEFC5B900141138 /* ObjcTask9Tests */ = {
			isa = PBXGroup;
			children = (
				7664EF7F1EEFC5B900141138 /* Info.plist */,
				7664EF801EEFC5B900141138 /* ObjcTask9Tests.m */,
				7664EF811EEFC5B900141138 /* Specs */,
			);
			path = ObjcTask9Tests;
			sourceTree = "<group>";
		};
		7664EF811EEFC5B900141138 /* Specs */ = {
			isa = PBXGroup;
			children = (
			);
			path = Specs;
			sourceTree = "<group>";
		};
		7664EF841EEFC5DD00141138 /* Objc Task9 */ = {
			isa = PBXGroup;
			children = (
				7664EF851EEFC5DD00141138 /* main.m */,
				7664EF861EEFC5DD00141138 /* Source */,
				7664EFB81EEFC5DD00141138 /* Tests */,
			);
			path = "Objc Task9";
			sourceTree = "<group>";
		};
		7664EF861EEFC5DD00141138 /* Source */ = {
			isa = PBXGroup;
			children = (
				7664EF871EEFC5DD00141138 /* IDPCar */,
				7664EF8D1EEFC5DD00141138 /* IDPDispatcher */,
				7664EFCE1EEFC69700141138 /* IDPManager */,
				7664EF931EEFC5DD00141138 /* IDPExtensions */,
				7664EF9A1EEFC5DD00141138 /* IDPGCD */,
				7664EF9D1EEFC5DD00141138 /* IDPLibrary */,
				7664EFA41EEFC5DD00141138 /* IDPProtocols */,
				7664EFA71EEFC5DD00141138 /* IDPQueue */,
				7664EFAA1EEFC5DD00141138 /* IDPTimerProxy */,
				7664EFAD1EEFC5DD00141138 /* IDPWorkers */,
			);
			path = Source;
			sourceTree = "<group>";
		};
		7664EF871EEFC5DD00141138 /* IDPCar */ = {
			isa = PBXGroup;
			children = (
				7664EF881EEFC5DD00141138 /* IDPCar.h */,
				7664EF891EEFC5DD00141138 /* IDPCar.m */,
			);
			path = IDPCar;
			sourceTree = "<group>";
		};
		7664EF8D1EEFC5DD00141138 /* IDPDispatcher */ = {
			isa = PBXGroup;
			children = (
				7664EF8E1EEFC5DD00141138 /* IDPCarDispatcher */,
				7664EF911EEFC5DD00141138 /* IDPDispatcher.h */,
				7664EF921EEFC5DD00141138 /* IDPDispatcher.m */,
			);
			path = IDPDispatcher;
			sourceTree = "<group>";
		};
		7664EF8E1EEFC5DD00141138 /* IDPCarDispatcher */ = {
			isa = PBXGroup;
			children = (
				7664EF8F1EEFC5DD00141138 /* IDPCarDispatcher.h */,
				7664EF901EEFC5DD00141138 /* IDPCarDispatcher.m */,
			);
			path = IDPCarDispatcher;
			sourceTree = "<group>";
		};
		7664EF931EEFC5DD00141138 /* IDPExtensions */ = {
			isa = PBXGroup;
			children = (
				7664EF941EEFC5DD00141138 /* NSArray+IDPExtensions.h */,
				7664EF951EEFC5DD00141138 /* NSArray+IDPExtensions.m */,
				7664EF961EEFC5DD00141138 /* NSObject+IDPExtensions.h */,
				7664EF971EEFC5DD00141138 /* NSObject+IDPExtensions.m */,
				7664EF981EEFC5DD00141138 /* NSTimer+IDPExtensions.h */,
				7664EF991EEFC5DD00141138 /* NSTimer+IDPExtensions.m */,
			);
			path = IDPExtensions;
			sourceTree = "<group>";
		};
		7664EF9A1EEFC5DD00141138 /* IDPGCD */ = {
			isa = PBXGroup;
			children = (
				7664EF9B1EEFC5DD00141138 /* IDPGCDWrapper.h */,
				7664EF9C1EEFC5DD00141138 /* IDPGCDWrapper.m */,
			);
			path = IDPGCD;
			sourceTree = "<group>";
		};
		7664EF9D1EEFC5DD00141138 /* IDPLibrary */ = {
			isa = PBXGroup;
			children = (
				7664EF9E1EEFC5DD00141138 /* IDPConstants */,
				7664EFA11EEFC5DD00141138 /* IDPRandom */,
			);
			path = IDPLibrary;
			sourceTree = "<group>";
		};
		7664EF9E1EEFC5DD00141138 /* IDPConstants */ = {
			isa = PBXGroup;
			children = (
				7664EF9F1EEFC5DD00141138 /* IDPConstants.h */,
				7664EFA01EEFC5DD00141138 /* IDPConstants.m */,
			);
			path = IDPConstants;
			sourceTree = "<group>";
		};
		7664EFA11EEFC5DD00141138 /* IDPRandom */ = {
			isa = PBXGroup;
			children = (
				7664EFA21EEFC5DD00141138 /* IDPRandom.h */,
				7664EFA31EEFC5DD00141138 /* IDPRandom.m */,
			);
			path = IDPRandom;
			sourceTree = "<group>";
		};
		7664EFA41EEFC5DD00141138 /* IDPProtocols */ = {
			isa = PBXGroup;
			children = (
				7664EFA51EEFC5DD00141138 /* IDPCashFlow.h */,
				7664EFA61EEFC5DD00141138 /* IDPObservableObject.h */,
			);
			path = IDPProtocols;
			sourceTree = "<group>";
		};
		7664EFA71EEFC5DD00141138 /* IDPQueue */ = {
			isa = PBXGroup;
			children = (
				7664EFA81EEFC5DD00141138 /* IDPQueue.h */,
				7664EFA91EEFC5DD00141138 /* IDPQueue.m */,
			);
			path = IDPQueue;
			sourceTree = "<group>";
		};
		7664EFAA1EEFC5DD00141138 /* IDPTimerProxy */ = {
			isa = PBXGroup;
			children = (
				7664EFAB1EEFC5DD00141138 /* IDPTimerProxy.h */,
				7664EFAC1EEFC5DD00141138 /* IDPTimerProxy.m */,
			);
			path = IDPTimerProxy;
			sourceTree = "<group>";
		};
		7664EFAD1EEFC5DD00141138 /* IDPWorkers */ = {
			isa = PBXGroup;
			children = (
				7664EFAE1EEFC5DD00141138 /* IDPAccountant.h */,
				7664EFAF1EEFC5DD00141138 /* IDPAccountant.m */,
				7664EFB01EEFC5DD00141138 /* IDPDirector.h */,
				7664EFB11EEFC5DD00141138 /* IDPDirector.m */,
				7664EFB21EEFC5DD00141138 /* IDPObservableObject.m */,
				7664EFB31EEFC5DD00141138 /* IDPWasher.h */,
				7664EFB41EEFC5DD00141138 /* IDPWasher.m */,
				7664EFB51EEFC5DD00141138 /* IDPWorker.h */,
				7664EFB61EEFC5DD00141138 /* IDPWorker.m */,
				7664EFB71EEFC5DD00141138 /* IDPWorkerObserver.h */,
			);
			path = IDPWorkers;
			sourceTree = "<group>";
		};
		7664EFB81EEFC5DD00141138 /* Tests */ = {
			isa = PBXGroup;
			children = (
				7664EFB91EEFC5DD00141138 /* IDPCarWashTest.h */,
				7664EFBA1EEFC5DD00141138 /* IDPCarWashTest.m */,
			);
			path = Tests;
			sourceTree = "<group>";
		};
		7664EFCE1EEFC69700141138 /* IDPManager */ = {
			isa = PBXGroup;
			children = (
				7664EFCF1EEFC69700141138 /* IDPManager.h */,
				7664EFD01EEFC69700141138 /* IDPManager.m */,
			);
			path = IDPManager;
			sourceTree = "<group>";
		};
		991F3C364E7ADD89B8BF8614 /* Pods */ = {
			isa = PBXGroup;
			children = (
				AB372091EC387F036063EF65 /* Pods-ObjcTask6Tests.debug.xcconfig */,
				45CB1E22C26BB1B49733413E /* Pods-ObjcTask6Tests.release.xcconfig */,
			);
			name = Pods;
			sourceTree = "<group>";
		};
/* End PBXGroup section */

/* Begin PBXNativeTarget section */
		7659573F1ED41F3E005E3333 /* ObjcTask6Tests */ = {
			isa = PBXNativeTarget;
			buildConfigurationList = 765957471ED41F3E005E3333 /* Build configuration list for PBXNativeTarget "ObjcTask6Tests" */;
			buildPhases = (
				0831C13466E8D2A9240E6818 /* [CP] Check Pods Manifest.lock */,
				7659573C1ED41F3E005E3333 /* Sources */,
				7659573D1ED41F3E005E3333 /* Frameworks */,
				7659573E1ED41F3E005E3333 /* Resources */,
				03CF69938AE5EDCC94E3C801 /* [CP] Embed Pods Frameworks */,
				BC8BCAAEF9625582314784AC /* [CP] Copy Pods Resources */,
			);
			buildRules = (
			);
			dependencies = (
			);
			name = ObjcTask6Tests;
			productName = ObjcTask6Tests;
			productReference = 765957401ED41F3E005E3333 /* ObjcTask6Tests.xctest */;
			productType = "com.apple.product-type.bundle.unit-test";
		};
		7661DF8C1EC30C230017A7C5 /* Objc Task9 */ = {
			isa = PBXNativeTarget;
			buildConfigurationList = 7661DF941EC30C230017A7C5 /* Build configuration list for PBXNativeTarget "Objc Task9" */;
			buildPhases = (
				7661DF891EC30C230017A7C5 /* Sources */,
				7661DF8A1EC30C230017A7C5 /* Frameworks */,
				7661DF8B1EC30C230017A7C5 /* CopyFiles */,
			);
			buildRules = (
			);
			dependencies = (
			);
			name = "Objc Task9";
			productName = "Objc Task3";
			productReference = 7661DF8D1EC30C230017A7C5 /* Objc Task9 */;
			productType = "com.apple.product-type.tool";
		};
/* End PBXNativeTarget section */

/* Begin PBXProject section */
		7661DF851EC30C230017A7C5 /* Project object */ = {
			isa = PBXProject;
			attributes = {
				LastUpgradeCheck = 0820;
				ORGANIZATIONNAME = Student002;
				TargetAttributes = {
					7659573F1ED41F3E005E3333 = {
						CreatedOnToolsVersion = 8.2.1;
						ProvisioningStyle = Automatic;
					};
					7661DF8C1EC30C230017A7C5 = {
						CreatedOnToolsVersion = 8.2.1;
						ProvisioningStyle = Automatic;
					};
				};
			};
			buildConfigurationList = 7661DF881EC30C230017A7C5 /* Build configuration list for PBXProject "Objc Task9" */;
			compatibilityVersion = "Xcode 3.2";
			developmentRegion = English;
			hasScannedForEncodings = 0;
			knownRegions = (
				en,
			);
			mainGroup = 7661DF841EC30C230017A7C5;
			productRefGroup = 7661DF8E1EC30C230017A7C5 /* Products */;
			projectDirPath = "";
			projectRoot = "";
			targets = (
				7661DF8C1EC30C230017A7C5 /* Objc Task9 */,
				7659573F1ED41F3E005E3333 /* ObjcTask6Tests */,
			);
		};
/* End PBXProject section */

/* Begin PBXResourcesBuildPhase section */
		7659573E1ED41F3E005E3333 /* Resources */ = {
			isa = PBXResourcesBuildPhase;
			buildActionMask = 2147483647;
			files = (
				7664EF821EEFC5B900141138 /* Info.plist in Resources */,
			);
			runOnlyForDeploymentPostprocessing = 0;
		};
/* End PBXResourcesBuildPhase section */

/* Begin PBXShellScriptBuildPhase section */
		03CF69938AE5EDCC94E3C801 /* [CP] Embed Pods Frameworks */ = {
			isa = PBXShellScriptBuildPhase;
			buildActionMask = 2147483647;
			files = (
			);
			inputPaths = (
			);
			name = "[CP] Embed Pods Frameworks";
			outputPaths = (
			);
			runOnlyForDeploymentPostprocessing = 0;
			shellPath = /bin/sh;
			shellScript = "\"${SRCROOT}/Pods/Target Support Files/Pods-ObjcTask6Tests/Pods-ObjcTask6Tests-frameworks.sh\"\n";
			showEnvVarsInLog = 0;
		};
		0831C13466E8D2A9240E6818 /* [CP] Check Pods Manifest.lock */ = {
			isa = PBXShellScriptBuildPhase;
			buildActionMask = 2147483647;
			files = (
			);
			inputPaths = (
			);
			name = "[CP] Check Pods Manifest.lock";
			outputPaths = (
			);
			runOnlyForDeploymentPostprocessing = 0;
			shellPath = /bin/sh;
			shellScript = "diff \"${PODS_PODFILE_DIR_PATH}/Podfile.lock\" \"${PODS_ROOT}/Manifest.lock\" > /dev/null\nif [ $? != 0 ] ; then\n    # print error to STDERR\n    echo \"error: The sandbox is not in sync with the Podfile.lock. Run 'pod install' or update your CocoaPods installation.\" >&2\n    exit 1\nfi\n";
			showEnvVarsInLog = 0;
		};
		BC8BCAAEF9625582314784AC /* [CP] Copy Pods Resources */ = {
			isa = PBXShellScriptBuildPhase;
			buildActionMask = 2147483647;
			files = (
			);
			inputPaths = (
			);
			name = "[CP] Copy Pods Resources";
			outputPaths = (
			);
			runOnlyForDeploymentPostprocessing = 0;
			shellPath = /bin/sh;
			shellScript = "\"${SRCROOT}/Pods/Target Support Files/Pods-ObjcTask6Tests/Pods-ObjcTask6Tests-resources.sh\"\n";
			showEnvVarsInLog = 0;
		};
/* End PBXShellScriptBuildPhase section */

/* Begin PBXSourcesBuildPhase section */
		7659573C1ED41F3E005E3333 /* Sources */ = {
			isa = PBXSourcesBuildPhase;
			buildActionMask = 2147483647;
			files = (
				7664EF831EEFC5B900141138 /* ObjcTask9Tests.m in Sources */,
			);
			runOnlyForDeploymentPostprocessing = 0;
		};
		7661DF891EC30C230017A7C5 /* Sources */ = {
			isa = PBXSourcesBuildPhase;
			buildActionMask = 2147483647;
			files = (
				7664EFBC1EEFC5DD00141138 /* IDPCar.m in Sources */,
				7664EFC91EEFC5DD00141138 /* IDPDirector.m in Sources */,
				7664EFBF1EEFC5DD00141138 /* IDPDispatcher.m in Sources */,
				7664EFC81EEFC5DD00141138 /* IDPAccountant.m in Sources */,
				7664EFD11EEFC69700141138 /* IDPManager.m in Sources */,
				7664EFBB1EEFC5DD00141138 /* main.m in Sources */,
				7664EFC21EEFC5DD00141138 /* NSTimer+IDPExtensions.m in Sources */,
				7664EFCC1EEFC5DD00141138 /* IDPWorker.m in Sources */,
				7664EFC01EEFC5DD00141138 /* NSArray+IDPExtensions.m in Sources */,
				7664EFCD1EEFC5DD00141138 /* IDPCarWashTest.m in Sources */,
				7664EFC31EEFC5DD00141138 /* IDPGCDWrapper.m in Sources */,
				7664EFCA1EEFC5DD00141138 /* IDPObservableObject.m in Sources */,
				7664EFCB1EEFC5DD00141138 /* IDPWasher.m in Sources */,
				7664EFC61EEFC5DD00141138 /* IDPQueue.m in Sources */,
				7664EFC51EEFC5DD00141138 /* IDPRandom.m in Sources */,
				7664EFC41EEFC5DD00141138 /* IDPConstants.m in Sources */,
				7664EFBE1EEFC5DD00141138 /* IDPCarDispatcher.m in Sources */,
				7664EFC11EEFC5DD00141138 /* NSObject+IDPExtensions.m in Sources */,
				7664EFC71EEFC5DD00141138 /* IDPTimerProxy.m in Sources */,
			);
			runOnlyForDeploymentPostprocessing = 0;
		};
/* End PBXSourcesBuildPhase section */

/* Begin XCBuildConfiguration section */
		765957451ED41F3E005E3333 /* Debug */ = {
			isa = XCBuildConfiguration;
			baseConfigurationReference = AB372091EC387F036063EF65 /* Pods-ObjcTask6Tests.debug.xcconfig */;
			buildSettings = {
				COMBINE_HIDPI_IMAGES = YES;
				INFOPLIST_FILE = ObjcTask6Tests/Info.plist;
				LD_RUNPATH_SEARCH_PATHS = "$(inherited) @executable_path/../Frameworks @loader_path/../Frameworks";
				PRODUCT_BUNDLE_IDENTIFIER = Student002.ObjcTask6Tests;
				PRODUCT_NAME = "$(TARGET_NAME)";
			};
			name = Debug;
		};
		765957461ED41F3E005E3333 /* Release */ = {
			isa = XCBuildConfiguration;
			baseConfigurationReference = 45CB1E22C26BB1B49733413E /* Pods-ObjcTask6Tests.release.xcconfig */;
			buildSettings = {
				COMBINE_HIDPI_IMAGES = YES;
				INFOPLIST_FILE = ObjcTask6Tests/Info.plist;
				LD_RUNPATH_SEARCH_PATHS = "$(inherited) @executable_path/../Frameworks @loader_path/../Frameworks";
				PRODUCT_BUNDLE_IDENTIFIER = Student002.ObjcTask6Tests;
				PRODUCT_NAME = "$(TARGET_NAME)";
			};
			name = Release;
		};
		7661DF921EC30C230017A7C5 /* Debug */ = {
			isa = XCBuildConfiguration;
			buildSettings = {
				ALWAYS_SEARCH_USER_PATHS = NO;
				CLANG_ANALYZER_NONNULL = YES;
				CLANG_CXX_LANGUAGE_STANDARD = "gnu++0x";
				CLANG_CXX_LIBRARY = "libc++";
				CLANG_ENABLE_MODULES = YES;
				CLANG_ENABLE_OBJC_ARC = NO;
				CLANG_WARN_BOOL_CONVERSION = YES;
				CLANG_WARN_CONSTANT_CONVERSION = YES;
				CLANG_WARN_DIRECT_OBJC_ISA_USAGE = YES_ERROR;
				CLANG_WARN_DOCUMENTATION_COMMENTS = YES;
				CLANG_WARN_EMPTY_BODY = YES;
				CLANG_WARN_ENUM_CONVERSION = YES;
				CLANG_WARN_INFINITE_RECURSION = YES;
				CLANG_WARN_INT_CONVERSION = YES;
				CLANG_WARN_OBJC_ROOT_CLASS = YES_ERROR;
				CLANG_WARN_SUSPICIOUS_MOVE = YES;
				CLANG_WARN_UNREACHABLE_CODE = YES;
				CLANG_WARN__DUPLICATE_METHOD_MATCH = YES;
				CODE_SIGN_IDENTITY = "-";
				COPY_PHASE_STRIP = NO;
				DEBUG_INFORMATION_FORMAT = dwarf;
				ENABLE_STRICT_OBJC_MSGSEND = YES;
				ENABLE_TESTABILITY = YES;
				GCC_C_LANGUAGE_STANDARD = gnu99;
				GCC_DYNAMIC_NO_PIC = NO;
				GCC_NO_COMMON_BLOCKS = YES;
				GCC_OPTIMIZATION_LEVEL = 0;
				GCC_PREPROCESSOR_DEFINITIONS = (
					"DEBUG=1",
					"$(inherited)",
				);
				GCC_WARN_64_TO_32_BIT_CONVERSION = YES;
				GCC_WARN_ABOUT_RETURN_TYPE = YES_ERROR;
				GCC_WARN_UNDECLARED_SELECTOR = YES;
				GCC_WARN_UNINITIALIZED_AUTOS = YES_AGGRESSIVE;
				GCC_WARN_UNUSED_FUNCTION = YES;
				GCC_WARN_UNUSED_VARIABLE = YES;
				MACOSX_DEPLOYMENT_TARGET = 10.12;
				MTL_ENABLE_DEBUG_INFO = YES;
				ONLY_ACTIVE_ARCH = YES;
				SDKROOT = macosx;
			};
			name = Debug;
		};
		7661DF931EC30C230017A7C5 /* Release */ = {
			isa = XCBuildConfiguration;
			buildSettings = {
				ALWAYS_SEARCH_USER_PATHS = NO;
				CLANG_ANALYZER_NONNULL = YES;
				CLANG_CXX_LANGUAGE_STANDARD = "gnu++0x";
				CLANG_CXX_LIBRARY = "libc++";
				CLANG_ENABLE_MODULES = YES;
				CLANG_ENABLE_OBJC_ARC = NO;
				CLANG_WARN_BOOL_CONVERSION = YES;
				CLANG_WARN_CONSTANT_CONVERSION = YES;
				CLANG_WARN_DIRECT_OBJC_ISA_USAGE = YES_ERROR;
				CLANG_WARN_DOCUMENTATION_COMMENTS = YES;
				CLANG_WARN_EMPTY_BODY = YES;
				CLANG_WARN_ENUM_CONVERSION = YES;
				CLANG_WARN_INFINITE_RECURSION = YES;
				CLANG_WARN_INT_CONVERSION = YES;
				CLANG_WARN_OBJC_ROOT_CLASS = YES_ERROR;
				CLANG_WARN_SUSPICIOUS_MOVE = YES;
				CLANG_WARN_UNREACHABLE_CODE = YES;
				CLANG_WARN__DUPLICATE_METHOD_MATCH = YES;
				CODE_SIGN_IDENTITY = "-";
				COPY_PHASE_STRIP = NO;
				DEBUG_INFORMATION_FORMAT = "dwarf-with-dsym";
				ENABLE_NS_ASSERTIONS = NO;
				ENABLE_STRICT_OBJC_MSGSEND = YES;
				GCC_C_LANGUAGE_STANDARD = gnu99;
				GCC_NO_COMMON_BLOCKS = YES;
				GCC_WARN_64_TO_32_BIT_CONVERSION = YES;
				GCC_WARN_ABOUT_RETURN_TYPE = YES_ERROR;
				GCC_WARN_UNDECLARED_SELECTOR = YES;
				GCC_WARN_UNINITIALIZED_AUTOS = YES_AGGRESSIVE;
				GCC_WARN_UNUSED_FUNCTION = YES;
				GCC_WARN_UNUSED_VARIABLE = YES;
				MACOSX_DEPLOYMENT_TARGET = 10.12;
				MTL_ENABLE_DEBUG_INFO = NO;
				SDKROOT = macosx;
			};
			name = Release;
		};
		7661DF951EC30C230017A7C5 /* Debug */ = {
			isa = XCBuildConfiguration;
			buildSettings = {
				CLANG_ENABLE_OBJC_ARC = NO;
				PRODUCT_NAME = "$(TARGET_NAME)";
			};
			name = Debug;
		};
		7661DF961EC30C230017A7C5 /* Release */ = {
			isa = XCBuildConfiguration;
			buildSettings = {
				CLANG_ENABLE_OBJC_ARC = NO;
				PRODUCT_NAME = "$(TARGET_NAME)";
			};
			name = Release;
		};
/* End XCBuildConfiguration section */

/* Begin XCConfigurationList section */
		765957471ED41F3E005E3333 /* Build configuration list for PBXNativeTarget "ObjcTask6Tests" */ = {
			isa = XCConfigurationList;
			buildConfigurations = (
				765957451ED41F3E005E3333 /* Debug */,
				765957461ED41F3E005E3333 /* Release */,
			);
			defaultConfigurationIsVisible = 0;
			defaultConfigurationName = Release;
		};
		7661DF881EC30C230017A7C5 /* Build configuration list for PBXProject "Objc Task9" */ = {
			isa = XCConfigurationList;
			buildConfigurations = (
				7661DF921EC30C230017A7C5 /* Debug */,
				7661DF931EC30C230017A7C5 /* Release */,
			);
			defaultConfigurationIsVisible = 0;
			defaultConfigurationName = Release;
		};
		7661DF941EC30C230017A7C5 /* Build configuration list for PBXNativeTarget "Objc Task9" */ = {
			isa = XCConfigurationList;
			buildConfigurations = (
				7661DF951EC30C230017A7C5 /* Debug */,
				7661DF961EC30C230017A7C5 /* Release */,
			);
			defaultConfigurationIsVisible = 0;
			defaultConfigurationName = Release;
		};
/* End XCConfigurationList section */
	};
	rootObject = 7661DF851EC30C230017A7C5 /* Project object */;
}
