// !$*UTF8*$!
{
	archiveVersion = 1;
	classes = {
	};
	objectVersion = 46;
	objects = {

/* Begin PBXBuildFile section */
		766892911ECDB64D007CE08F /* main.m in Sources */ = {isa = PBXBuildFile; fileRef = 766892671ECDB64D007CE08F /* main.m */; };
		766892921ECDB64D007CE08F /* IDPBuilding.m in Sources */ = {isa = PBXBuildFile; fileRef = 7668926B1ECDB64D007CE08F /* IDPBuilding.m */; };
		766892931ECDB64D007CE08F /* IDPCarWashRoom.m in Sources */ = {isa = PBXBuildFile; fileRef = 7668926D1ECDB64D007CE08F /* IDPCarWashRoom.m */; };
		766892941ECDB64D007CE08F /* IDPRoom.m in Sources */ = {isa = PBXBuildFile; fileRef = 7668926F1ECDB64D007CE08F /* IDPRoom.m */; };
		766892951ECDB64D007CE08F /* IDPCar.m in Sources */ = {isa = PBXBuildFile; fileRef = 766892721ECDB64D007CE08F /* IDPCar.m */; };
		766892961ECDB64D007CE08F /* NSArray+IDPCategory.m in Sources */ = {isa = PBXBuildFile; fileRef = 766892751ECDB64D007CE08F /* NSArray+IDPCategory.m */; };
		766892971ECDB64D007CE08F /* NSObject+IDPExtension.m in Sources */ = {isa = PBXBuildFile; fileRef = 766892771ECDB64D007CE08F /* NSObject+IDPExtension.m */; };
		766892981ECDB64D007CE08F /* IDPConstants.m in Sources */ = {isa = PBXBuildFile; fileRef = 7668927A1ECDB64D007CE08F /* IDPConstants.m */; };
		766892991ECDB64D007CE08F /* IDPManager.m in Sources */ = {isa = PBXBuildFile; fileRef = 7668927D1ECDB64D007CE08F /* IDPManager.m */; };
		7668929A1ECDB64D007CE08F /* IDPRandom.m in Sources */ = {isa = PBXBuildFile; fileRef = 766892821ECDB64D007CE08F /* IDPRandom.m */; };
		7668929B1ECDB64D007CE08F /* IDPAccountant.m in Sources */ = {isa = PBXBuildFile; fileRef = 766892851ECDB64D007CE08F /* IDPAccountant.m */; };
		7668929C1ECDB64D007CE08F /* IDPDirector.m in Sources */ = {isa = PBXBuildFile; fileRef = 766892871ECDB64D007CE08F /* IDPDirector.m */; };
		7668929E1ECDB64D007CE08F /* IDPWasher.m in Sources */ = {isa = PBXBuildFile; fileRef = 7668928B1ECDB64D007CE08F /* IDPWasher.m */; };
		7668929F1ECDB64D007CE08F /* IDPWorker.m in Sources */ = {isa = PBXBuildFile; fileRef = 7668928D1ECDB64D007CE08F /* IDPWorker.m */; };
		766892A01ECDB64D007CE08F /* IDPCarWashTest.m in Sources */ = {isa = PBXBuildFile; fileRef = 766892901ECDB64D007CE08F /* IDPCarWashTest.m */; };
/* End PBXBuildFile section */

/* Begin PBXCopyFilesBuildPhase section */
		7661DF8B1EC30C230017A7C5 /* CopyFiles */ = {
			isa = PBXCopyFilesBuildPhase;
			buildActionMask = 2147483647;
			dstPath = /usr/share/man/man1/;
			dstSubfolderSpec = 0;
			files = (
			);
			runOnlyForDeploymentPostprocessing = 1;
		};
/* End PBXCopyFilesBuildPhase section */

/* Begin PBXFileReference section */
		7661DF8D1EC30C230017A7C5 /* Objc Task3 */ = {isa = PBXFileReference; explicitFileType = "compiled.mach-o.executable"; includeInIndex = 0; path = "Objc Task3"; sourceTree = BUILT_PRODUCTS_DIR; };
		766892671ECDB64D007CE08F /* main.m */ = {isa = PBXFileReference; fileEncoding = 4; lastKnownFileType = sourcecode.c.objc; path = main.m; sourceTree = "<group>"; };
		7668926A1ECDB64D007CE08F /* IDPBuilding.h */ = {isa = PBXFileReference; fileEncoding = 4; lastKnownFileType = sourcecode.c.h; path = IDPBuilding.h; sourceTree = "<group>"; };
		7668926B1ECDB64D007CE08F /* IDPBuilding.m */ = {isa = PBXFileReference; fileEncoding = 4; lastKnownFileType = sourcecode.c.objc; path = IDPBuilding.m; sourceTree = "<group>"; };
		7668926C1ECDB64D007CE08F /* IDPCarWashRoom.h */ = {isa = PBXFileReference; fileEncoding = 4; lastKnownFileType = sourcecode.c.h; path = IDPCarWashRoom.h; sourceTree = "<group>"; };
		7668926D1ECDB64D007CE08F /* IDPCarWashRoom.m */ = {isa = PBXFileReference; fileEncoding = 4; lastKnownFileType = sourcecode.c.objc; path = IDPCarWashRoom.m; sourceTree = "<group>"; };
		7668926E1ECDB64D007CE08F /* IDPRoom.h */ = {isa = PBXFileReference; fileEncoding = 4; lastKnownFileType = sourcecode.c.h; path = IDPRoom.h; sourceTree = "<group>"; };
		7668926F1ECDB64D007CE08F /* IDPRoom.m */ = {isa = PBXFileReference; fileEncoding = 4; lastKnownFileType = sourcecode.c.objc; path = IDPRoom.m; sourceTree = "<group>"; };
		766892711ECDB64D007CE08F /* IDPCar.h */ = {isa = PBXFileReference; fileEncoding = 4; lastKnownFileType = sourcecode.c.h; path = IDPCar.h; sourceTree = "<group>"; };
		766892721ECDB64D007CE08F /* IDPCar.m */ = {isa = PBXFileReference; fileEncoding = 4; lastKnownFileType = sourcecode.c.objc; path = IDPCar.m; sourceTree = "<group>"; };
		766892741ECDB64D007CE08F /* NSArray+IDPCategory.h */ = {isa = PBXFileReference; fileEncoding = 4; lastKnownFileType = sourcecode.c.h; path = "NSArray+IDPCategory.h"; sourceTree = "<group>"; };
		766892751ECDB64D007CE08F /* NSArray+IDPCategory.m */ = {isa = PBXFileReference; fileEncoding = 4; lastKnownFileType = sourcecode.c.objc; path = "NSArray+IDPCategory.m"; sourceTree = "<group>"; };
		766892761ECDB64D007CE08F /* NSObject+IDPExtension.h */ = {isa = PBXFileReference; fileEncoding = 4; lastKnownFileType = sourcecode.c.h; path = "NSObject+IDPExtension.h"; sourceTree = "<group>"; };
		766892771ECDB64D007CE08F /* NSObject+IDPExtension.m */ = {isa = PBXFileReference; fileEncoding = 4; lastKnownFileType = sourcecode.c.objc; path = "NSObject+IDPExtension.m"; sourceTree = "<group>"; };
		766892791ECDB64D007CE08F /* IDPConstants.h */ = {isa = PBXFileReference; fileEncoding = 4; lastKnownFileType = sourcecode.c.h; path = IDPConstants.h; sourceTree = "<group>"; };
		7668927A1ECDB64D007CE08F /* IDPConstants.m */ = {isa = PBXFileReference; fileEncoding = 4; lastKnownFileType = sourcecode.c.objc; path = IDPConstants.m; sourceTree = "<group>"; };
		7668927C1ECDB64D007CE08F /* IDPManager.h */ = {isa = PBXFileReference; fileEncoding = 4; lastKnownFileType = sourcecode.c.h; path = IDPManager.h; sourceTree = "<group>"; };
		7668927D1ECDB64D007CE08F /* IDPManager.m */ = {isa = PBXFileReference; fileEncoding = 4; lastKnownFileType = sourcecode.c.objc; path = IDPManager.m; sourceTree = "<group>"; };
		7668927F1ECDB64D007CE08F /* IDPCashFlow.h */ = {isa = PBXFileReference; fileEncoding = 4; lastKnownFileType = sourcecode.c.h; path = IDPCashFlow.h; sourceTree = "<group>"; };
		766892811ECDB64D007CE08F /* IDPRandom.h */ = {isa = PBXFileReference; fileEncoding = 4; lastKnownFileType = sourcecode.c.h; path = IDPRandom.h; sourceTree = "<group>"; };
		766892821ECDB64D007CE08F /* IDPRandom.m */ = {isa = PBXFileReference; fileEncoding = 4; lastKnownFileType = sourcecode.c.objc; path = IDPRandom.m; sourceTree = "<group>"; };
		766892841ECDB64D007CE08F /* IDPAccountant.h */ = {isa = PBXFileReference; fileEncoding = 4; lastKnownFileType = sourcecode.c.h; path = IDPAccountant.h; sourceTree = "<group>"; };
		766892851ECDB64D007CE08F /* IDPAccountant.m */ = {isa = PBXFileReference; fileEncoding = 4; lastKnownFileType = sourcecode.c.objc; path = IDPAccountant.m; sourceTree = "<group>"; };
		766892861ECDB64D007CE08F /* IDPDirector.h */ = {isa = PBXFileReference; fileEncoding = 4; lastKnownFileType = sourcecode.c.h; path = IDPDirector.h; sourceTree = "<group>"; };
		766892871ECDB64D007CE08F /* IDPDirector.m */ = {isa = PBXFileReference; fileEncoding = 4; lastKnownFileType = sourcecode.c.objc; path = IDPDirector.m; sourceTree = "<group>"; };
		7668928A1ECDB64D007CE08F /* IDPWasher.h */ = {isa = PBXFileReference; fileEncoding = 4; lastKnownFileType = sourcecode.c.h; path = IDPWasher.h; sourceTree = "<group>"; };
		7668928B1ECDB64D007CE08F /* IDPWasher.m */ = {isa = PBXFileReference; fileEncoding = 4; lastKnownFileType = sourcecode.c.objc; path = IDPWasher.m; sourceTree = "<group>"; };
		7668928C1ECDB64D007CE08F /* IDPWorker.h */ = {isa = PBXFileReference; fileEncoding = 4; lastKnownFileType = sourcecode.c.h; path = IDPWorker.h; sourceTree = "<group>"; };
		7668928D1ECDB64D007CE08F /* IDPWorker.m */ = {isa = PBXFileReference; fileEncoding = 4; lastKnownFileType = sourcecode.c.objc; path = IDPWorker.m; sourceTree = "<group>"; };
		7668928F1ECDB64D007CE08F /* IDPCarWashTest.h */ = {isa = PBXFileReference; fileEncoding = 4; lastKnownFileType = sourcecode.c.h; path = IDPCarWashTest.h; sourceTree = "<group>"; };
		766892901ECDB64D007CE08F /* IDPCarWashTest.m */ = {isa = PBXFileReference; fileEncoding = 4; lastKnownFileType = sourcecode.c.objc; path = IDPCarWashTest.m; sourceTree = "<group>"; };
/* End PBXFileReference section */

/* Begin PBXFrameworksBuildPhase section */
		7661DF8A1EC30C230017A7C5 /* Frameworks */ = {
			isa = PBXFrameworksBuildPhase;
			buildActionMask = 2147483647;
			files = (
			);
			runOnlyForDeploymentPostprocessing = 0;
		};
/* End PBXFrameworksBuildPhase section */

/* Begin PBXGroup section */
		7661DF841EC30C230017A7C5 = {
			isa = PBXGroup;
			children = (
				766892661ECDB64D007CE08F /* Objc Task3 */,
				7661DF8E1EC30C230017A7C5 /* Products */,
			);
			sourceTree = "<group>";
		};
		7661DF8E1EC30C230017A7C5 /* Products */ = {
			isa = PBXGroup;
			children = (
				7661DF8D1EC30C230017A7C5 /* Objc Task3 */,
			);
			name = Products;
			sourceTree = "<group>";
		};
		766892661ECDB64D007CE08F /* Objc Task3 */ = {
			isa = PBXGroup;
			children = (
				766892671ECDB64D007CE08F /* main.m */,
				766892681ECDB64D007CE08F /* Source */,
				7668928E1ECDB64D007CE08F /* Tests */,
			);
			path = "Objc Task3";
			sourceTree = "<group>";
		};
		766892681ECDB64D007CE08F /* Source */ = {
			isa = PBXGroup;
			children = (
				766892691ECDB64D007CE08F /* IDPBuildings */,
				766892701ECDB64D007CE08F /* IDPCar */,
				766892731ECDB64D007CE08F /* IDPCategories */,
				766892781ECDB64D007CE08F /* IDPConstants */,
				7668927B1ECDB64D007CE08F /* IDPController */,
				7668927E1ECDB64D007CE08F /* IDPProtocols */,
				766892801ECDB64D007CE08F /* IDPRandom */,
				766892831ECDB64D007CE08F /* IDPWorkers */,
			);
			path = Source;
			sourceTree = "<group>";
		};
		766892691ECDB64D007CE08F /* IDPBuildings */ = {
			isa = PBXGroup;
			children = (
				7668926A1ECDB64D007CE08F /* IDPBuilding.h */,
				7668926B1ECDB64D007CE08F /* IDPBuilding.m */,
				7668926C1ECDB64D007CE08F /* IDPCarWashRoom.h */,
				7668926D1ECDB64D007CE08F /* IDPCarWashRoom.m */,
				7668926E1ECDB64D007CE08F /* IDPRoom.h */,
				7668926F1ECDB64D007CE08F /* IDPRoom.m */,
			);
			path = IDPBuildings;
			sourceTree = "<group>";
		};
		766892701ECDB64D007CE08F /* IDPCar */ = {
			isa = PBXGroup;
			children = (
				766892711ECDB64D007CE08F /* IDPCar.h */,
				766892721ECDB64D007CE08F /* IDPCar.m */,
			);
			path = IDPCar;
			sourceTree = "<group>";
		};
		766892731ECDB64D007CE08F /* IDPCategories */ = {
			isa = PBXGroup;
			children = (
				766892741ECDB64D007CE08F /* NSArray+IDPCategory.h */,
				766892751ECDB64D007CE08F /* NSArray+IDPCategory.m */,
				766892761ECDB64D007CE08F /* NSObject+IDPExtension.h */,
				766892771ECDB64D007CE08F /* NSObject+IDPExtension.m */,
			);
			path = IDPCategories;
			sourceTree = "<group>";
		};
		766892781ECDB64D007CE08F /* IDPConstants */ = {
			isa = PBXGroup;
			children = (
				766892791ECDB64D007CE08F /* IDPConstants.h */,
				7668927A1ECDB64D007CE08F /* IDPConstants.m */,
			);
			path = IDPConstants;
			sourceTree = "<group>";
		};
		7668927B1ECDB64D007CE08F /* IDPController */ = {
			isa = PBXGroup;
			children = (
				7668927C1ECDB64D007CE08F /* IDPManager.h */,
				7668927D1ECDB64D007CE08F /* IDPManager.m */,
			);
			path = IDPController;
			sourceTree = "<group>";
		};
		7668927E1ECDB64D007CE08F /* IDPProtocols */ = {
			isa = PBXGroup;
			children = (
				7668927F1ECDB64D007CE08F /* IDPCashFlow.h */,
			);
			path = IDPProtocols;
			sourceTree = "<group>";
		};
		766892801ECDB64D007CE08F /* IDPRandom */ = {
			isa = PBXGroup;
			children = (
				766892811ECDB64D007CE08F /* IDPRandom.h */,
				766892821ECDB64D007CE08F /* IDPRandom.m */,
			);
			path = IDPRandom;
			sourceTree = "<group>";
		};
		766892831ECDB64D007CE08F /* IDPWorkers */ = {
			isa = PBXGroup;
			children = (
				766892841ECDB64D007CE08F /* IDPAccountant.h */,
				766892851ECDB64D007CE08F /* IDPAccountant.m */,
				766892861ECDB64D007CE08F /* IDPDirector.h */,
				766892871ECDB64D007CE08F /* IDPDirector.m */,
				7668928A1ECDB64D007CE08F /* IDPWasher.h */,
				7668928B1ECDB64D007CE08F /* IDPWasher.m */,
				7668928C1ECDB64D007CE08F /* IDPWorker.h */,
				7668928D1ECDB64D007CE08F /* IDPWorker.m */,
			);
			path = IDPWorkers;
			sourceTree = "<group>";
		};
		7668928E1ECDB64D007CE08F /* Tests */ = {
			isa = PBXGroup;
			children = (
				7668928F1ECDB64D007CE08F /* IDPCarWashTest.h */,
				766892901ECDB64D007CE08F /* IDPCarWashTest.m */,
			);
			path = Tests;
			sourceTree = "<group>";
		};
/* End PBXGroup section */

/* Begin PBXNativeTarget section */
		7661DF8C1EC30C230017A7C5 /* Objc Task3 */ = {
			isa = PBXNativeTarget;
			buildConfigurationList = 7661DF941EC30C230017A7C5 /* Build configuration list for PBXNativeTarget "Objc Task3" */;
			buildPhases = (
				7661DF891EC30C230017A7C5 /* Sources */,
				7661DF8A1EC30C230017A7C5 /* Frameworks */,
				7661DF8B1EC30C230017A7C5 /* CopyFiles */,
			);
			buildRules = (
			);
			dependencies = (
			);
			name = "Objc Task3";
			productName = "Objc Task3";
			productReference = 7661DF8D1EC30C230017A7C5 /* Objc Task3 */;
			productType = "com.apple.product-type.tool";
		};
/* End PBXNativeTarget section */

/* Begin PBXProject section */
		7661DF851EC30C230017A7C5 /* Project object */ = {
			isa = PBXProject;
			attributes = {
				LastUpgradeCheck = 0820;
				ORGANIZATIONNAME = Student002;
				TargetAttributes = {
					7661DF8C1EC30C230017A7C5 = {
						CreatedOnToolsVersion = 8.2.1;
						ProvisioningStyle = Automatic;
					};
				};
			};
			buildConfigurationList = 7661DF881EC30C230017A7C5 /* Build configuration list for PBXProject "Objc Task3" */;
			compatibilityVersion = "Xcode 3.2";
			developmentRegion = English;
			hasScannedForEncodings = 0;
			knownRegions = (
				en,
			);
			mainGroup = 7661DF841EC30C230017A7C5;
			productRefGroup = 7661DF8E1EC30C230017A7C5 /* Products */;
			projectDirPath = "";
			projectRoot = "";
			targets = (
				7661DF8C1EC30C230017A7C5 /* Objc Task3 */,
			);
		};
/* End PBXProject section */

/* Begin PBXSourcesBuildPhase section */
		7661DF891EC30C230017A7C5 /* Sources */ = {
			isa = PBXSourcesBuildPhase;
			buildActionMask = 2147483647;
			files = (
				766892951ECDB64D007CE08F /* IDPCar.m in Sources */,
				766892A01ECDB64D007CE08F /* IDPCarWashTest.m in Sources */,
				7668929E1ECDB64D007CE08F /* IDPWasher.m in Sources */,
				7668929C1ECDB64D007CE08F /* IDPDirector.m in Sources */,
				766892971ECDB64D007CE08F /* NSObject+IDPExtension.m in Sources */,
				7668929B1ECDB64D007CE08F /* IDPAccountant.m in Sources */,
				7668929A1ECDB64D007CE08F /* IDPRandom.m in Sources */,
				766892911ECDB64D007CE08F /* main.m in Sources */,
				766892981ECDB64D007CE08F /* IDPConstants.m in Sources */,
				766892991ECDB64D007CE08F /* IDPManager.m in Sources */,
				7668929F1ECDB64D007CE08F /* IDPWorker.m in Sources */,
				766892921ECDB64D007CE08F /* IDPBuilding.m in Sources */,
				766892941ECDB64D007CE08F /* IDPRoom.m in Sources */,
				766892961ECDB64D007CE08F /* NSArray+IDPCategory.m in Sources */,
				766892931ECDB64D007CE08F /* IDPCarWashRoom.m in Sources */,
			);
			runOnlyForDeploymentPostprocessing = 0;
		};
/* End PBXSourcesBuildPhase section */

/* Begin XCBuildConfiguration section */
		7661DF921EC30C230017A7C5 /* Debug */ = {
			isa = XCBuildConfiguration;
			buildSettings = {
				ALWAYS_SEARCH_USER_PATHS = NO;
				CLANG_ANALYZER_NONNULL = YES;
				CLANG_CXX_LANGUAGE_STANDARD = "gnu++0x";
				CLANG_CXX_LIBRARY = "libc++";
				CLANG_ENABLE_MODULES = YES;
				CLANG_ENABLE_OBJC_ARC = YES;
				CLANG_WARN_BOOL_CONVERSION = YES;
				CLANG_WARN_CONSTANT_CONVERSION = YES;
				CLANG_WARN_DIRECT_OBJC_ISA_USAGE = YES_ERROR;
				CLANG_WARN_DOCUMENTATION_COMMENTS = YES;
				CLANG_WARN_EMPTY_BODY = YES;
				CLANG_WARN_ENUM_CONVERSION = YES;
				CLANG_WARN_INFINITE_RECURSION = YES;
				CLANG_WARN_INT_CONVERSION = YES;
				CLANG_WARN_OBJC_ROOT_CLASS = YES_ERROR;
				CLANG_WARN_SUSPICIOUS_MOVE = YES;
				CLANG_WARN_UNREACHABLE_CODE = YES;
				CLANG_WARN__DUPLICATE_METHOD_MATCH = YES;
				CODE_SIGN_IDENTITY = "-";
				COPY_PHASE_STRIP = NO;
				DEBUG_INFORMATION_FORMAT = dwarf;
				ENABLE_STRICT_OBJC_MSGSEND = YES;
				ENABLE_TESTABILITY = YES;
				GCC_C_LANGUAGE_STANDARD = gnu99;
				GCC_DYNAMIC_NO_PIC = NO;
				GCC_NO_COMMON_BLOCKS = YES;
				GCC_OPTIMIZATION_LEVEL = 0;
				GCC_PREPROCESSOR_DEFINITIONS = (
					"DEBUG=1",
					"$(inherited)",
				);
				GCC_WARN_64_TO_32_BIT_CONVERSION = YES;
				GCC_WARN_ABOUT_RETURN_TYPE = YES_ERROR;
				GCC_WARN_UNDECLARED_SELECTOR = YES;
				GCC_WARN_UNINITIALIZED_AUTOS = YES_AGGRESSIVE;
				GCC_WARN_UNUSED_FUNCTION = YES;
				GCC_WARN_UNUSED_VARIABLE = YES;
				MACOSX_DEPLOYMENT_TARGET = 10.12;
				MTL_ENABLE_DEBUG_INFO = YES;
				ONLY_ACTIVE_ARCH = YES;
				SDKROOT = macosx;
			};
			name = Debug;
		};
		7661DF931EC30C230017A7C5 /* Release */ = {
			isa = XCBuildConfiguration;
			buildSettings = {
				ALWAYS_SEARCH_USER_PATHS = NO;
				CLANG_ANALYZER_NONNULL = YES;
				CLANG_CXX_LANGUAGE_STANDARD = "gnu++0x";
				CLANG_CXX_LIBRARY = "libc++";
				CLANG_ENABLE_MODULES = YES;
				CLANG_ENABLE_OBJC_ARC = YES;
				CLANG_WARN_BOOL_CONVERSION = YES;
				CLANG_WARN_CONSTANT_CONVERSION = YES;
				CLANG_WARN_DIRECT_OBJC_ISA_USAGE = YES_ERROR;
				CLANG_WARN_DOCUMENTATION_COMMENTS = YES;
				CLANG_WARN_EMPTY_BODY = YES;
				CLANG_WARN_ENUM_CONVERSION = YES;
				CLANG_WARN_INFINITE_RECURSION = YES;
				CLANG_WARN_INT_CONVERSION = YES;
				CLANG_WARN_OBJC_ROOT_CLASS = YES_ERROR;
				CLANG_WARN_SUSPICIOUS_MOVE = YES;
				CLANG_WARN_UNREACHABLE_CODE = YES;
				CLANG_WARN__DUPLICATE_METHOD_MATCH = YES;
				CODE_SIGN_IDENTITY = "-";
				COPY_PHASE_STRIP = NO;
				DEBUG_INFORMATION_FORMAT = "dwarf-with-dsym";
				ENABLE_NS_ASSERTIONS = NO;
				ENABLE_STRICT_OBJC_MSGSEND = YES;
				GCC_C_LANGUAGE_STANDARD = gnu99;
				GCC_NO_COMMON_BLOCKS = YES;
				GCC_WARN_64_TO_32_BIT_CONVERSION = YES;
				GCC_WARN_ABOUT_RETURN_TYPE = YES_ERROR;
				GCC_WARN_UNDECLARED_SELECTOR = YES;
				GCC_WARN_UNINITIALIZED_AUTOS = YES_AGGRESSIVE;
				GCC_WARN_UNUSED_FUNCTION = YES;
				GCC_WARN_UNUSED_VARIABLE = YES;
				MACOSX_DEPLOYMENT_TARGET = 10.12;
				MTL_ENABLE_DEBUG_INFO = NO;
				SDKROOT = macosx;
			};
			name = Release;
		};
		7661DF951EC30C230017A7C5 /* Debug */ = {
			isa = XCBuildConfiguration;
			buildSettings = {
				CLANG_ENABLE_OBJC_ARC = NO;
				PRODUCT_NAME = "$(TARGET_NAME)";
			};
			name = Debug;
		};
		7661DF961EC30C230017A7C5 /* Release */ = {
			isa = XCBuildConfiguration;
			buildSettings = {
				CLANG_ENABLE_OBJC_ARC = NO;
				PRODUCT_NAME = "$(TARGET_NAME)";
			};
			name = Release;
		};
/* End XCBuildConfiguration section */

/* Begin XCConfigurationList section */
		7661DF881EC30C230017A7C5 /* Build configuration list for PBXProject "Objc Task3" */ = {
			isa = XCConfigurationList;
			buildConfigurations = (
				7661DF921EC30C230017A7C5 /* Debug */,
				7661DF931EC30C230017A7C5 /* Release */,
			);
			defaultConfigurationIsVisible = 0;
			defaultConfigurationName = Release;
		};
		7661DF941EC30C230017A7C5 /* Build configuration list for PBXNativeTarget "Objc Task3" */ = {
			isa = XCConfigurationList;
			buildConfigurations = (
				7661DF951EC30C230017A7C5 /* Debug */,
				7661DF961EC30C230017A7C5 /* Release */,
			);
			defaultConfigurationIsVisible = 0;
			defaultConfigurationName = Release;
		};
/* End XCConfigurationList section */
	};
	rootObject = 7661DF851EC30C230017A7C5 /* Project object */;
}
